
Microsoft Visual Studio Solution File, Format Version 12.00
# Visual Studio Version 17
VisualStudioVersion = 17.3.32901.215
MinimumVisualStudioVersion = 10.0.40219.1
Project("{FAE04EC0-301F-11D3-BF4B-00C04F79EFBC}") = "CodingBlog", "CodingBlog\CodingBlog.csproj", "{3E965B07-3776-4D0A-A925-FB5E0FD5BEDF}"
EndProject
Global
	GlobalSection(SolutionConfigurationPlatforms) = preSolution
		Debug|Any CPU = Debug|Any CPU
		Release|Any CPU = Release|Any CPU
	EndGlobalSection
	GlobalSection(ProjectConfigurationPlatforms) = postSolution
		{3E965B07-3776-4D0A-A925-FB5E0FD5BEDF}.Debug|Any CPU.ActiveCfg = Debug|Any CPU
		{3E965B07-3776-4D0A-A925-FB5E0FD5BEDF}.Debug|Any CPU.Build.0 = Debug|Any CPU
		{3E965B07-3776-4D0A-A925-FB5E0FD5BEDF}.Release|Any CPU.ActiveCfg = Release|Any CPU
		{3E965B07-3776-4D0A-A925-FB5E0FD5BEDF}.Release|Any CPU.Build.0 = Release|Any CPU
	EndGlobalSection
	GlobalSection(SolutionProperties) = preSolution
		HideSolutionNode = FALSE
	EndGlobalSection
	GlobalSection(ExtensibilityGlobals) = postSolution
		SolutionGuid = {65F3210C-1EE0-4AA8-ADD1-01841AA7AA20}
	EndGlobalSection
EndGlobal
